// !$*UTF8*$!
{
	archiveVersion = 1;
	classes = {
	};
	objectVersion = 56;
	objects = {

/* Begin PBXBuildFile section */
		FE34B4B52A3F2BB40087FA6F /* LandmarkList.swift in Sources */ = {isa = PBXBuildFile; fileRef = FE34B4B42A3F2BB40087FA6F /* LandmarkList.swift */; };
		FE34B4B72A3F2DF20087FA6F /* LandmarkDetail.swift in Sources */ = {isa = PBXBuildFile; fileRef = FE34B4B62A3F2DF20087FA6F /* LandmarkDetail.swift */; };
		FE34B4B92A3F554E0087FA6F /* FavoriteButton.swift in Sources */ = {isa = PBXBuildFile; fileRef = FE34B4B82A3F554E0087FA6F /* FavoriteButton.swift */; };
		FE9AD7EE2A3F7AE80050C9DA /* CategoryHome.swift in Sources */ = {isa = PBXBuildFile; fileRef = FE9AD7ED2A3F7AE80050C9DA /* CategoryHome.swift */; };
		FEB751042A3F80A200769F5C /* CategoryRow.swift in Sources */ = {isa = PBXBuildFile; fileRef = FEB751032A3F80A200769F5C /* CategoryRow.swift */; };
		FEB751062A3F827B00769F5C /* CategoryItem.swift in Sources */ = {isa = PBXBuildFile; fileRef = FEB751052A3F827B00769F5C /* CategoryItem.swift */; };
		FED2D8192A3F12280011C865 /* LandmarksApp.swift in Sources */ = {isa = PBXBuildFile; fileRef = FED2D8182A3F12280011C865 /* LandmarksApp.swift */; };
		FED2D81B2A3F12280011C865 /* ContentView.swift in Sources */ = {isa = PBXBuildFile; fileRef = FED2D81A2A3F12280011C865 /* ContentView.swift */; };
		FED2D81D2A3F12280011C865 /* Assets.xcassets in Resources */ = {isa = PBXBuildFile; fileRef = FED2D81C2A3F12280011C865 /* Assets.xcassets */; };
		FED2D8202A3F12280011C865 /* Preview Assets.xcassets in Resources */ = {isa = PBXBuildFile; fileRef = FED2D81F2A3F12280011C865 /* Preview Assets.xcassets */; };
		FED2D8272A3F1C170011C865 /* CircleImage.swift in Sources */ = {isa = PBXBuildFile; fileRef = FED2D8262A3F1C170011C865 /* CircleImage.swift */; };
		FED2D8292A3F1D050011C865 /* MapView.swift in Sources */ = {isa = PBXBuildFile; fileRef = FED2D8282A3F1D050011C865 /* MapView.swift */; };
		FED2D82B2A3F252F0011C865 /* landmarkData.json in Resources */ = {isa = PBXBuildFile; fileRef = FED2D82A2A3F252F0011C865 /* landmarkData.json */; };
		FED2D82D2A3F25470011C865 /* Landmark.swift in Sources */ = {isa = PBXBuildFile; fileRef = FED2D82C2A3F25470011C865 /* Landmark.swift */; };
		FED2D82F2A3F26F90011C865 /* ModelData.swift in Sources */ = {isa = PBXBuildFile; fileRef = FED2D82E2A3F26F90011C865 /* ModelData.swift */; };
		FED2D8342A3F29090011C865 /* LandmarkRow.swift in Sources */ = {isa = PBXBuildFile; fileRef = FED2D8332A3F29090011C865 /* LandmarkRow.swift */; };
		FEDBFE0E2A4062DF00EFEA71 /* HexagonParameters.swift in Sources */ = {isa = PBXBuildFile; fileRef = FEDBFE0D2A4062DF00EFEA71 /* HexagonParameters.swift */; };
		FEDBFE102A40649000EFEA71 /* BadgeBackground.swift in Sources */ = {isa = PBXBuildFile; fileRef = FEDBFE0F2A40649000EFEA71 /* BadgeBackground.swift */; };
/* End PBXBuildFile section */

/* Begin PBXFileReference section */
		FE34B4B42A3F2BB40087FA6F /* LandmarkList.swift */ = {isa = PBXFileReference; lastKnownFileType = sourcecode.swift; path = LandmarkList.swift; sourceTree = "<group>"; };
		FE34B4B62A3F2DF20087FA6F /* LandmarkDetail.swift */ = {isa = PBXFileReference; lastKnownFileType = sourcecode.swift; path = LandmarkDetail.swift; sourceTree = "<group>"; };
		FE34B4B82A3F554E0087FA6F /* FavoriteButton.swift */ = {isa = PBXFileReference; lastKnownFileType = sourcecode.swift; path = FavoriteButton.swift; sourceTree = "<group>"; };
		FE9AD7ED2A3F7AE80050C9DA /* CategoryHome.swift */ = {isa = PBXFileReference; lastKnownFileType = sourcecode.swift; path = CategoryHome.swift; sourceTree = "<group>"; };
		FEB751032A3F80A200769F5C /* CategoryRow.swift */ = {isa = PBXFileReference; lastKnownFileType = sourcecode.swift; path = CategoryRow.swift; sourceTree = "<group>"; };
		FEB751052A3F827B00769F5C /* CategoryItem.swift */ = {isa = PBXFileReference; lastKnownFileType = sourcecode.swift; path = CategoryItem.swift; sourceTree = "<group>"; };
		FED2D8152A3F12270011C865 /* Landmarks.app */ = {isa = PBXFileReference; explicitFileType = wrapper.application; includeInIndex = 0; path = Landmarks.app; sourceTree = BUILT_PRODUCTS_DIR; };
		FED2D8182A3F12280011C865 /* LandmarksApp.swift */ = {isa = PBXFileReference; lastKnownFileType = sourcecode.swift; path = LandmarksApp.swift; sourceTree = "<group>"; };
		FED2D81A2A3F12280011C865 /* ContentView.swift */ = {isa = PBXFileReference; lastKnownFileType = sourcecode.swift; path = ContentView.swift; sourceTree = "<group>"; };
		FED2D81C2A3F12280011C865 /* Assets.xcassets */ = {isa = PBXFileReference; lastKnownFileType = folder.assetcatalog; path = Assets.xcassets; sourceTree = "<group>"; };
		FED2D81F2A3F12280011C865 /* Preview Assets.xcassets */ = {isa = PBXFileReference; lastKnownFileType = folder.assetcatalog; path = "Preview Assets.xcassets"; sourceTree = "<group>"; };
		FED2D8262A3F1C170011C865 /* CircleImage.swift */ = {isa = PBXFileReference; lastKnownFileType = sourcecode.swift; path = CircleImage.swift; sourceTree = "<group>"; };
		FED2D8282A3F1D050011C865 /* MapView.swift */ = {isa = PBXFileReference; lastKnownFileType = sourcecode.swift; path = MapView.swift; sourceTree = "<group>"; };
		FED2D82A2A3F252F0011C865 /* landmarkData.json */ = {isa = PBXFileReference; fileEncoding = 4; lastKnownFileType = text.json; path = landmarkData.json; sourceTree = "<group>"; };
		FED2D82C2A3F25470011C865 /* Landmark.swift */ = {isa = PBXFileReference; lastKnownFileType = sourcecode.swift; path = Landmark.swift; sourceTree = "<group>"; };
		FED2D82E2A3F26F90011C865 /* ModelData.swift */ = {isa = PBXFileReference; lastKnownFileType = sourcecode.swift; path = ModelData.swift; sourceTree = "<group>"; };
		FED2D8332A3F29090011C865 /* LandmarkRow.swift */ = {isa = PBXFileReference; lastKnownFileType = sourcecode.swift; path = LandmarkRow.swift; sourceTree = "<group>"; };
		FEDBFE0D2A4062DF00EFEA71 /* HexagonParameters.swift */ = {isa = PBXFileReference; lastKnownFileType = sourcecode.swift; path = HexagonParameters.swift; sourceTree = "<group>"; };
		FEDBFE0F2A40649000EFEA71 /* BadgeBackground.swift */ = {isa = PBXFileReference; lastKnownFileType = sourcecode.swift; path = BadgeBackground.swift; sourceTree = "<group>"; };
/* End PBXFileReference section */

/* Begin PBXFrameworksBuildPhase section */
		FED2D8122A3F12270011C865 /* Frameworks */ = {
			isa = PBXFrameworksBuildPhase;
			buildActionMask = 2147483647;
			files = (
			);
			runOnlyForDeploymentPostprocessing = 0;
		};
/* End PBXFrameworksBuildPhase section */

/* Begin PBXGroup section */
		FE34B4BA2A3F56440087FA6F /* Helpers */ = {
			isa = PBXGroup;
			children = (
				FE34B4B82A3F554E0087FA6F /* FavoriteButton.swift */,
				FED2D8282A3F1D050011C865 /* MapView.swift */,
				FED2D8262A3F1C170011C865 /* CircleImage.swift */,
				FEDBFE0F2A40649000EFEA71 /* BadgeBackground.swift */,
			);
			path = Helpers;
			sourceTree = "<group>";
		};
		FE34B4BB2A3F565C0087FA6F /* Landmarks */ = {
			isa = PBXGroup;
			children = (
				FED2D8332A3F29090011C865 /* LandmarkRow.swift */,
				FE34B4B42A3F2BB40087FA6F /* LandmarkList.swift */,
				FE34B4B62A3F2DF20087FA6F /* LandmarkDetail.swift */,
			);
			path = Landmarks;
			sourceTree = "<group>";
		};
		FE9AD7EB2A3F7A870050C9DA /* Categories */ = {
			isa = PBXGroup;
			children = (
				FE9AD7EC2A3F7A900050C9DA /* Views */,
			);
			path = Categories;
			sourceTree = "<group>";
		};
		FE9AD7EC2A3F7A900050C9DA /* Views */ = {
			isa = PBXGroup;
			children = (
				FE9AD7ED2A3F7AE80050C9DA /* CategoryHome.swift */,
				FEB751032A3F80A200769F5C /* CategoryRow.swift */,
				FEB751052A3F827B00769F5C /* CategoryItem.swift */,
			);
			path = Views;
			sourceTree = "<group>";
		};
		FED2D80C2A3F12270011C865 = {
			isa = PBXGroup;
			children = (
				FED2D8172A3F12270011C865 /* Landmarks */,
				FED2D8162A3F12270011C865 /* Products */,
			);
			sourceTree = "<group>";
		};
		FED2D8162A3F12270011C865 /* Products */ = {
			isa = PBXGroup;
			children = (
				FED2D8152A3F12270011C865 /* Landmarks.app */,
			);
			name = Products;
			sourceTree = "<group>";
		};
		FED2D8172A3F12270011C865 /* Landmarks */ = {
			isa = PBXGroup;
			children = (
				FED2D8182A3F12280011C865 /* LandmarksApp.swift */,
				FED2D81C2A3F12280011C865 /* Assets.xcassets */,
				FED2D8312A3F28320011C865 /* Model */,
				FED2D8322A3F284C0011C865 /* Resources */,
				FED2D8302A3F281C0011C865 /* Views */,
				FE9AD7EB2A3F7A870050C9DA /* Categories */,
				FED2D81E2A3F12280011C865 /* Preview Content */,
			);
			path = Landmarks;
			sourceTree = "<group>";
		};
		FED2D81E2A3F12280011C865 /* Preview Content */ = {
			isa = PBXGroup;
			children = (
				FED2D81F2A3F12280011C865 /* Preview Assets.xcassets */,
			);
			path = "Preview Content";
			sourceTree = "<group>";
		};
		FED2D8302A3F281C0011C865 /* Views */ = {
			isa = PBXGroup;
			children = (
				FE34B4BA2A3F56440087FA6F /* Helpers */,
				FE34B4BB2A3F565C0087FA6F /* Landmarks */,
				FED2D81A2A3F12280011C865 /* ContentView.swift */,
				FEDBFE0D2A4062DF00EFEA71 /* HexagonParameters.swift */,
			);
			path = Views;
			sourceTree = "<group>";
		};
		FED2D8312A3F28320011C865 /* Model */ = {
			isa = PBXGroup;
			children = (
				FED2D82C2A3F25470011C865 /* Landmark.swift */,
				FED2D82E2A3F26F90011C865 /* ModelData.swift */,
			);
			path = Model;
			sourceTree = "<group>";
		};
		FED2D8322A3F284C0011C865 /* Resources */ = {
			isa = PBXGroup;
			children = (
				FED2D82A2A3F252F0011C865 /* landmarkData.json */,
			);
			path = Resources;
			sourceTree = "<group>";
		};
/* End PBXGroup section */

/* Begin PBXNativeTarget section */
		FED2D8142A3F12270011C865 /* Landmarks */ = {
			isa = PBXNativeTarget;
			buildConfigurationList = FED2D8232A3F12280011C865 /* Build configuration list for PBXNativeTarget "Landmarks" */;
			buildPhases = (
				FED2D8112A3F12270011C865 /* Sources */,
				FED2D8122A3F12270011C865 /* Frameworks */,
				FED2D8132A3F12270011C865 /* Resources */,
			);
			buildRules = (
			);
			dependencies = (
			);
			name = Landmarks;
			productName = Landmarks;
			productReference = FED2D8152A3F12270011C865 /* Landmarks.app */;
			productType = "com.apple.product-type.application";
		};
/* End PBXNativeTarget section */

/* Begin PBXProject section */
		FED2D80D2A3F12270011C865 /* Project object */ = {
			isa = PBXProject;
			attributes = {
				BuildIndependentTargetsInParallel = 1;
				LastSwiftUpdateCheck = 1430;
				LastUpgradeCheck = 1430;
				TargetAttributes = {
					FED2D8142A3F12270011C865 = {
						CreatedOnToolsVersion = 14.3;
					};
				};
			};
			buildConfigurationList = FED2D8102A3F12270011C865 /* Build configuration list for PBXProject "Landmarks" */;
			compatibilityVersion = "Xcode 14.0";
			developmentRegion = en;
			hasScannedForEncodings = 0;
			knownRegions = (
				en,
				Base,
			);
			mainGroup = FED2D80C2A3F12270011C865;
			productRefGroup = FED2D8162A3F12270011C865 /* Products */;
			projectDirPath = "";
			projectRoot = "";
			targets = (
				FED2D8142A3F12270011C865 /* Landmarks */,
			);
		};
/* End PBXProject section */

/* Begin PBXResourcesBuildPhase section */
		FED2D8132A3F12270011C865 /* Resources */ = {
			isa = PBXResourcesBuildPhase;
			buildActionMask = 2147483647;
			files = (
				FED2D8202A3F12280011C865 /* Preview Assets.xcassets in Resources */,
				FED2D81D2A3F12280011C865 /* Assets.xcassets in Resources */,
				FED2D82B2A3F252F0011C865 /* landmarkData.json in Resources */,
			);
			runOnlyForDeploymentPostprocessing = 0;
		};
/* End PBXResourcesBuildPhase section */

/* Begin PBXSourcesBuildPhase section */
		FED2D8112A3F12270011C865 /* Sources */ = {
			isa = PBXSourcesBuildPhase;
			buildActionMask = 2147483647;
			files = (
				FEDBFE0E2A4062DF00EFEA71 /* HexagonParameters.swift in Sources */,
				FED2D81B2A3F12280011C865 /* ContentView.swift in Sources */,
				FED2D8292A3F1D050011C865 /* MapView.swift in Sources */,
				FED2D8192A3F12280011C865 /* LandmarksApp.swift in Sources */,
				FE34B4B92A3F554E0087FA6F /* FavoriteButton.swift in Sources */,
				FE9AD7EE2A3F7AE80050C9DA /* CategoryHome.swift in Sources */,
				FE34B4B52A3F2BB40087FA6F /* LandmarkList.swift in Sources */,
				FE34B4B72A3F2DF20087FA6F /* LandmarkDetail.swift in Sources */,
				FED2D8272A3F1C170011C865 /* CircleImage.swift in Sources */,
				FEB751062A3F827B00769F5C /* CategoryItem.swift in Sources */,
				FED2D82D2A3F25470011C865 /* Landmark.swift in Sources */,
				FED2D8342A3F29090011C865 /* LandmarkRow.swift in Sources */,
				FEB751042A3F80A200769F5C /* CategoryRow.swift in Sources */,
				FEDBFE102A40649000EFEA71 /* BadgeBackground.swift in Sources */,
				FED2D82F2A3F26F90011C865 /* ModelData.swift in Sources */,
			);
			runOnlyForDeploymentPostprocessing = 0;
		};
/* End PBXSourcesBuildPhase section */

/* Begin XCBuildConfiguration section */
		FED2D8212A3F12280011C865 /* Debug */ = {
			isa = XCBuildConfiguration;
			buildSettings = {
				ALWAYS_SEARCH_USER_PATHS = NO;
				CLANG_ANALYZER_NONNULL = YES;
				CLANG_ANALYZER_NUMBER_OBJECT_CONVERSION = YES_AGGRESSIVE;
				CLANG_CXX_LANGUAGE_STANDARD = "gnu++20";
				CLANG_ENABLE_MODULES = YES;
				CLANG_ENABLE_OBJC_ARC = YES;
				CLANG_ENABLE_OBJC_WEAK = YES;
				CLANG_WARN_BLOCK_CAPTURE_AUTORELEASING = YES;
				CLANG_WARN_BOOL_CONVERSION = YES;
				CLANG_WARN_COMMA = YES;
				CLANG_WARN_CONSTANT_CONVERSION = YES;
				CLANG_WARN_DEPRECATED_OBJC_IMPLEMENTATIONS = YES;
				CLANG_WARN_DIRECT_OBJC_ISA_USAGE = YES_ERROR;
				CLANG_WARN_DOCUMENTATION_COMMENTS = YES;
				CLANG_WARN_EMPTY_BODY = YES;
				CLANG_WARN_ENUM_CONVERSION = YES;
				CLANG_WARN_INFINITE_RECURSION = YES;
				CLANG_WARN_INT_CONVERSION = YES;
				CLANG_WARN_NON_LITERAL_NULL_CONVERSION = YES;
				CLANG_WARN_OBJC_IMPLICIT_RETAIN_SELF = YES;
				CLANG_WARN_OBJC_LITERAL_CONVERSION = YES;
				CLANG_WARN_OBJC_ROOT_CLASS = YES_ERROR;
				CLANG_WARN_QUOTED_INCLUDE_IN_FRAMEWORK_HEADER = YES;
				CLANG_WARN_RANGE_LOOP_ANALYSIS = YES;
				CLANG_WARN_STRICT_PROTOTYPES = YES;
				CLANG_WARN_SUSPICIOUS_MOVE = YES;
				CLANG_WARN_UNGUARDED_AVAILABILITY = YES_AGGRESSIVE;
				CLANG_WARN_UNREACHABLE_CODE = YES;
				CLANG_WARN__DUPLICATE_METHOD_MATCH = YES;
				COPY_PHASE_STRIP = NO;
				DEBUG_INFORMATION_FORMAT = dwarf;
				ENABLE_STRICT_OBJC_MSGSEND = YES;
				ENABLE_TESTABILITY = YES;
				GCC_C_LANGUAGE_STANDARD = gnu11;
				GCC_DYNAMIC_NO_PIC = NO;
				GCC_NO_COMMON_BLOCKS = YES;
				GCC_OPTIMIZATION_LEVEL = 0;
				GCC_PREPROCESSOR_DEFINITIONS = (
					"DEBUG=1",
					"$(inherited)",
				);
				GCC_WARN_64_TO_32_BIT_CONVERSION = YES;
				GCC_WARN_ABOUT_RETURN_TYPE = YES_ERROR;
				GCC_WARN_UNDECLARED_SELECTOR = YES;
				GCC_WARN_UNINITIALIZED_AUTOS = YES_AGGRESSIVE;
				GCC_WARN_UNUSED_FUNCTION = YES;
				GCC_WARN_UNUSED_VARIABLE = YES;
				IPHONEOS_DEPLOYMENT_TARGET = 16.4;
				MTL_ENABLE_DEBUG_INFO = INCLUDE_SOURCE;
				MTL_FAST_MATH = YES;
				ONLY_ACTIVE_ARCH = YES;
				SDKROOT = iphoneos;
				SWIFT_ACTIVE_COMPILATION_CONDITIONS = DEBUG;
				SWIFT_OPTIMIZATION_LEVEL = "-Onone";
			};
			name = Debug;
		};
		FED2D8222A3F12280011C865 /* Release */ = {
			isa = XCBuildConfiguration;
			buildSettings = {
				ALWAYS_SEARCH_USER_PATHS = NO;
				CLANG_ANALYZER_NONNULL = YES;
				CLANG_ANALYZER_NUMBER_OBJECT_CONVERSION = YES_AGGRESSIVE;
				CLANG_CXX_LANGUAGE_STANDARD = "gnu++20";
				CLANG_ENABLE_MODULES = YES;
				CLANG_ENABLE_OBJC_ARC = YES;
				CLANG_ENABLE_OBJC_WEAK = YES;
				CLANG_WARN_BLOCK_CAPTURE_AUTORELEASING = YES;
				CLANG_WARN_BOOL_CONVERSION = YES;
				CLANG_WARN_COMMA = YES;
				CLANG_WARN_CONSTANT_CONVERSION = YES;
				CLANG_WARN_DEPRECATED_OBJC_IMPLEMENTATIONS = YES;
				CLANG_WARN_DIRECT_OBJC_ISA_USAGE = YES_ERROR;
				CLANG_WARN_DOCUMENTATION_COMMENTS = YES;
				CLANG_WARN_EMPTY_BODY = YES;
				CLANG_WARN_ENUM_CONVERSION = YES;
				CLANG_WARN_INFINITE_RECURSION = YES;
				CLANG_WARN_INT_CONVERSION = YES;
				CLANG_WARN_NON_LITERAL_NULL_CONVERSION = YES;
				CLANG_WARN_OBJC_IMPLICIT_RETAIN_SELF = YES;
				CLANG_WARN_OBJC_LITERAL_CONVERSION = YES;
				CLANG_WARN_OBJC_ROOT_CLASS = YES_ERROR;
				CLANG_WARN_QUOTED_INCLUDE_IN_FRAMEWORK_HEADER = YES;
				CLANG_WARN_RANGE_LOOP_ANALYSIS = YES;
				CLANG_WARN_STRICT_PROTOTYPES = YES;
				CLANG_WARN_SUSPICIOUS_MOVE = YES;
				CLANG_WARN_UNGUARDED_AVAILABILITY = YES_AGGRESSIVE;
				CLANG_WARN_UNREACHABLE_CODE = YES;
				CLANG_WARN__DUPLICATE_METHOD_MATCH = YES;
				COPY_PHASE_STRIP = NO;
				DEBUG_INFORMATION_FORMAT = "dwarf-with-dsym";
				ENABLE_NS_ASSERTIONS = NO;
				ENABLE_STRICT_OBJC_MSGSEND = YES;
				GCC_C_LANGUAGE_STANDARD = gnu11;
				GCC_NO_COMMON_BLOCKS = YES;
				GCC_WARN_64_TO_32_BIT_CONVERSION = YES;
				GCC_WARN_ABOUT_RETURN_TYPE = YES_ERROR;
				GCC_WARN_UNDECLARED_SELECTOR = YES;
				GCC_WARN_UNINITIALIZED_AUTOS = YES_AGGRESSIVE;
				GCC_WARN_UNUSED_FUNCTION = YES;
				GCC_WARN_UNUSED_VARIABLE = YES;
				IPHONEOS_DEPLOYMENT_TARGET = 16.4;
				MTL_ENABLE_DEBUG_INFO = NO;
				MTL_FAST_MATH = YES;
				SDKROOT = iphoneos;
				SWIFT_COMPILATION_MODE = wholemodule;
				SWIFT_OPTIMIZATION_LEVEL = "-O";
				VALIDATE_PRODUCT = YES;
			};
			name = Release;
		};
		FED2D8242A3F12280011C865 /* Debug */ = {
			isa = XCBuildConfiguration;
			buildSettings = {
				ASSETCATALOG_COMPILER_APPICON_NAME = AppIcon;
				ASSETCATALOG_COMPILER_GLOBAL_ACCENT_COLOR_NAME = AccentColor;
				CODE_SIGN_STYLE = Automatic;
				CURRENT_PROJECT_VERSION = 1;
				DEVELOPMENT_ASSET_PATHS = "\"Landmarks/Preview Content\"";
				ENABLE_PREVIEWS = YES;
				GENERATE_INFOPLIST_FILE = YES;
				INFOPLIST_KEY_UIApplicationSceneManifest_Generation = YES;
				INFOPLIST_KEY_UIApplicationSupportsIndirectInputEvents = YES;
				INFOPLIST_KEY_UILaunchScreen_Generation = YES;
				INFOPLIST_KEY_UISupportedInterfaceOrientations_iPad = "UIInterfaceOrientationPortrait UIInterfaceOrientationPortraitUpsideDown UIInterfaceOrientationLandscapeLeft UIInterfaceOrientationLandscapeRight";
				INFOPLIST_KEY_UISupportedInterfaceOrientations_iPhone = "UIInterfaceOrientationPortrait UIInterfaceOrientationLandscapeLeft UIInterfaceOrientationLandscapeRight";
				LD_RUNPATH_SEARCH_PATHS = (
					"$(inherited)",
					"@executable_path/Frameworks",
				);
				MARKETING_VERSION = 1.0;
				PRODUCT_BUNDLE_IDENTIFIER = saiful.Landmarks;
				PRODUCT_NAME = "$(TARGET_NAME)";
				SWIFT_EMIT_LOC_STRINGS = YES;
				SWIFT_VERSION = 5.0;
				TARGETED_DEVICE_FAMILY = "1,2";
			};
			name = Debug;
		};
		FED2D8252A3F12280011C865 /* Release */ = {
			isa = XCBuildConfiguration;
			buildSettings = {
				ASSETCATALOG_COMPILER_APPICON_NAME = AppIcon;
				ASSETCATALOG_COMPILER_GLOBAL_ACCENT_COLOR_NAME = AccentColor;
				CODE_SIGN_STYLE = Automatic;
				CURRENT_PROJECT_VERSION = 1;
				DEVELOPMENT_ASSET_PATHS = "\"Landmarks/Preview Content\"";
				ENABLE_PREVIEWS = YES;
				GENERATE_INFOPLIST_FILE = YES;
				INFOPLIST_KEY_UIApplicationSceneManifest_Generation = YES;
				INFOPLIST_KEY_UIApplicationSupportsIndirectInputEvents = YES;
				INFOPLIST_KEY_UILaunchScreen_Generation = YES;
				INFOPLIST_KEY_UISupportedInterfaceOrientations_iPad = "UIInterfaceOrientationPortrait UIInterfaceOrientationPortraitUpsideDown UIInterfaceOrientationLandscapeLeft UIInterfaceOrientationLandscapeRight";
				INFOPLIST_KEY_UISupportedInterfaceOrientations_iPhone = "UIInterfaceOrientationPortrait UIInterfaceOrientationLandscapeLeft UIInterfaceOrientationLandscapeRight";
				LD_RUNPATH_SEARCH_PATHS = (
					"$(inherited)",
					"@executable_path/Frameworks",
				);
				MARKETING_VERSION = 1.0;
				PRODUCT_BUNDLE_IDENTIFIER = saiful.Landmarks;
				PRODUCT_NAME = "$(TARGET_NAME)";
				SWIFT_EMIT_LOC_STRINGS = YES;
				SWIFT_VERSION = 5.0;
				TARGETED_DEVICE_FAMILY = "1,2";
			};
			name = Release;
		};
/* End XCBuildConfiguration section */

/* Begin XCConfigurationList section */
		FED2D8102A3F12270011C865 /* Build configuration list for PBXProject "Landmarks" */ = {
			isa = XCConfigurationList;
			buildConfigurations = (
				FED2D8212A3F12280011C865 /* Debug */,
				FED2D8222A3F12280011C865 /* Release */,
			);
			defaultConfigurationIsVisible = 0;
			defaultConfigurationName = Release;
		};
		FED2D8232A3F12280011C865 /* Build configuration list for PBXNativeTarget "Landmarks" */ = {
			isa = XCConfigurationList;
			buildConfigurations = (
				FED2D8242A3F12280011C865 /* Debug */,
				FED2D8252A3F12280011C865 /* Release */,
			);
			defaultConfigurationIsVisible = 0;
			defaultConfigurationName = Release;
		};
/* End XCConfigurationList section */
	};
	rootObject = FED2D80D2A3F12270011C865 /* Project object */;
}
